
Microsoft Visual Studio Solution File, Format Version 12.00
# Visual Studio 15
Project("{FAE04EC0-301F-11D3-BF4B-00C04F79EFBC}") = "Assembly-CSharp", "Assembly-CSharp.csproj", "{D25993C0-8894-2158-A7A9-3DE5062762CF}"
EndProject
Global
	GlobalSection(SolutionConfigurationPlatforms) = preSolution
		Debug|Any CPU = Debug|Any CPU
		Release|Any CPU = Release|Any CPU
	EndGlobalSection
	GlobalSection(ProjectConfigurationPlatforms) = postSolution
		{D25993C0-8894-2158-A7A9-3DE5062762CF}.Debug|Any CPU.ActiveCfg = Debug|Any CPU
		{D25993C0-8894-2158-A7A9-3DE5062762CF}.Debug|Any CPU.Build.0 = Debug|Any CPU
		{D25993C0-8894-2158-A7A9-3DE5062762CF}.Release|Any CPU.ActiveCfg = Release|Any CPU
		{D25993C0-8894-2158-A7A9-3DE5062762CF}.Release|Any CPU.Build.0 = Release|Any CPU
	EndGlobalSection
	GlobalSection(SolutionProperties) = preSolution
		HideSolutionNode = FALSE
	EndGlobalSection
EndGlobal
